
Microsoft Visual Studio Solution File, Format Version 12.00
# Visual Studio Version 16
VisualStudioVersion = 16.0.29411.108
MinimumVisualStudioVersion = 10.0.40219.1
Project("{FAE04EC0-301F-11D3-BF4B-00C04F79EFBC}") = "Trithemius", "Trithemius\Trithemius.csproj", "{FE92E184-6AB7-49F7-A84C-8A72B9BC66A8}"
EndProject
Project("{FAE04EC0-301F-11D3-BF4B-00C04F79EFBC}") = "monk", "monk\monk.csproj", "{A2194D53-72AB-4A3C-90FD-BA2B58A5F60E}"
EndProject
Project("{FAE04EC0-301F-11D3-BF4B-00C04F79EFBC}") = "monkcore", "monkcore\monkcore.csproj", "{B06EEBBC-E441-45BD-8AB4-1AC9AB083096}"
EndProject
Project("{FAE04EC0-301F-11D3-BF4B-00C04F79EFBC}") = "abbot", "abbotcore\abbot.csproj", "{615A6A07-30A8-40A8-B963-A207DFF9312D}"
EndProject
Global
	GlobalSection(SolutionConfigurationPlatforms) = preSolution
		Debug|Any CPU = Debug|Any CPU
		Release|Any CPU = Release|Any CPU
	EndGlobalSection
	GlobalSection(ProjectConfigurationPlatforms) = postSolution
		{FE92E184-6AB7-49F7-A84C-8A72B9BC66A8}.Debug|Any CPU.ActiveCfg = Debug|Any CPU
		{FE92E184-6AB7-49F7-A84C-8A72B9BC66A8}.Debug|Any CPU.Build.0 = Debug|Any CPU
		{FE92E184-6AB7-49F7-A84C-8A72B9BC66A8}.Release|Any CPU.ActiveCfg = Release|Any CPU
		{FE92E184-6AB7-49F7-A84C-8A72B9BC66A8}.Release|Any CPU.Build.0 = Release|Any CPU
		{A2194D53-72AB-4A3C-90FD-BA2B58A5F60E}.Debug|Any CPU.ActiveCfg = Debug|Any CPU
		{A2194D53-72AB-4A3C-90FD-BA2B58A5F60E}.Debug|Any CPU.Build.0 = Debug|Any CPU
		{A2194D53-72AB-4A3C-90FD-BA2B58A5F60E}.Release|Any CPU.ActiveCfg = Release|Any CPU
		{A2194D53-72AB-4A3C-90FD-BA2B58A5F60E}.Release|Any CPU.Build.0 = Release|Any CPU
		{B06EEBBC-E441-45BD-8AB4-1AC9AB083096}.Debug|Any CPU.ActiveCfg = Debug|Any CPU
		{B06EEBBC-E441-45BD-8AB4-1AC9AB083096}.Debug|Any CPU.Build.0 = Debug|Any CPU
		{B06EEBBC-E441-45BD-8AB4-1AC9AB083096}.Release|Any CPU.ActiveCfg = Release|Any CPU
		{B06EEBBC-E441-45BD-8AB4-1AC9AB083096}.Release|Any CPU.Build.0 = Release|Any CPU
		{615A6A07-30A8-40A8-B963-A207DFF9312D}.Debug|Any CPU.ActiveCfg = Debug|Any CPU
		{615A6A07-30A8-40A8-B963-A207DFF9312D}.Debug|Any CPU.Build.0 = Debug|Any CPU
		{615A6A07-30A8-40A8-B963-A207DFF9312D}.Release|Any CPU.ActiveCfg = Release|Any CPU
		{615A6A07-30A8-40A8-B963-A207DFF9312D}.Release|Any CPU.Build.0 = Release|Any CPU
	EndGlobalSection
	GlobalSection(SolutionProperties) = preSolution
		HideSolutionNode = FALSE
	EndGlobalSection
	GlobalSection(ExtensibilityGlobals) = postSolution
		SolutionGuid = {441291EE-DEAA-4C24-8109-E955D6276B50}
	EndGlobalSection
EndGlobal
